
Microsoft Visual Studio Solution File, Format Version 12.00
# Visual Studio 15
VisualStudioVersion = 15.0.26730.15
MinimumVisualStudioVersion = 10.0.40219.1
Project("{8BC9CEB8-8B4A-11D0-8D11-00A0C91BC942}") = "RWM_1718_P3", "RWM_1718_P3.vcxproj", "{9DBA73D0-AE6A-467F-9374-71E250C15B4C}"
EndProject
Global
	GlobalSection(SolutionConfigurationPlatforms) = preSolution
		Debug|x64 = Debug|x64
		Debug|x86 = Debug|x86
		Release|x64 = Release|x64
		Release|x86 = Release|x86
	EndGlobalSection
	GlobalSection(ProjectConfigurationPlatforms) = postSolution
		{9DBA73D0-AE6A-467F-9374-71E250C15B4C}.Debug|x64.ActiveCfg = Debug|x64
		{9DBA73D0-AE6A-467F-9374-71E250C15B4C}.Debug|x64.Build.0 = Debug|x64
		{9DBA73D0-AE6A-467F-9374-71E250C15B4C}.Debug|x86.ActiveCfg = Debug|Win32
		{9DBA73D0-AE6A-467F-9374-71E250C15B4C}.Debug|x86.Build.0 = Debug|Win32
		{9DBA73D0-AE6A-467F-9374-71E250C15B4C}.Release|x64.ActiveCfg = Release|x64
		{9DBA73D0-AE6A-467F-9374-71E250C15B4C}.Release|x64.Build.0 = Release|x64
		{9DBA73D0-AE6A-467F-9374-71E250C15B4C}.Release|x86.ActiveCfg = Release|Win32
		{9DBA73D0-AE6A-467F-9374-71E250C15B4C}.Release|x86.Build.0 = Release|Win32
	EndGlobalSection
	GlobalSection(SolutionProperties) = preSolution
		HideSolutionNode = FALSE
	EndGlobalSection
	GlobalSection(ExtensibilityGlobals) = postSolution
		SolutionGuid = {1F71DF1A-7071-4739-8AE6-E82C1C68F796}
	EndGlobalSection
EndGlobal
